
Microsoft Visual Studio Solution File, Format Version 12.00
# Visual Studio Version 16
VisualStudioVersion = 16.0.31205.134
MinimumVisualStudioVersion = 10.0.40219.1
Project("{9A19103F-16F7-4668-BE54-9A1E7A4F7556}") = "SMS.API", "SMS.API\SMS.API.csproj", "{AD340EF6-3EC5-4C9B-8E0D-478622714003}"
EndProject
Project("{9A19103F-16F7-4668-BE54-9A1E7A4F7556}") = "Application", "Application\Application.csproj", "{0D48C0D9-D0B1-4B15-B174-1C90824C5157}"
EndProject
Project("{9A19103F-16F7-4668-BE54-9A1E7A4F7556}") = "Domain", "Domain\Domain.csproj", "{2A6951C8-F935-486E-A126-6A9D9EC14F9A}"
EndProject
Project("{FAE04EC0-301F-11D3-BF4B-00C04F79EFBC}") = "Infrastructure", "Infrastructure\Infrastructure.csproj", "{6723007A-1675-4B73-ADD5-E5E254BAF2CB}"
EndProject
Global
	GlobalSection(SolutionConfigurationPlatforms) = preSolution
		Debug|Any CPU = Debug|Any CPU
		Release|Any CPU = Release|Any CPU
	EndGlobalSection
	GlobalSection(ProjectConfigurationPlatforms) = postSolution
		{AD340EF6-3EC5-4C9B-8E0D-478622714003}.Debug|Any CPU.ActiveCfg = Debug|Any CPU
		{AD340EF6-3EC5-4C9B-8E0D-478622714003}.Debug|Any CPU.Build.0 = Debug|Any CPU
		{AD340EF6-3EC5-4C9B-8E0D-478622714003}.Release|Any CPU.ActiveCfg = Release|Any CPU
		{AD340EF6-3EC5-4C9B-8E0D-478622714003}.Release|Any CPU.Build.0 = Release|Any CPU
		{0D48C0D9-D0B1-4B15-B174-1C90824C5157}.Debug|Any CPU.ActiveCfg = Debug|Any CPU
		{0D48C0D9-D0B1-4B15-B174-1C90824C5157}.Debug|Any CPU.Build.0 = Debug|Any CPU
		{0D48C0D9-D0B1-4B15-B174-1C90824C5157}.Release|Any CPU.ActiveCfg = Release|Any CPU
		{0D48C0D9-D0B1-4B15-B174-1C90824C5157}.Release|Any CPU.Build.0 = Release|Any CPU
		{2A6951C8-F935-486E-A126-6A9D9EC14F9A}.Debug|Any CPU.ActiveCfg = Debug|Any CPU
		{2A6951C8-F935-486E-A126-6A9D9EC14F9A}.Debug|Any CPU.Build.0 = Debug|Any CPU
		{2A6951C8-F935-486E-A126-6A9D9EC14F9A}.Release|Any CPU.ActiveCfg = Release|Any CPU
		{2A6951C8-F935-486E-A126-6A9D9EC14F9A}.Release|Any CPU.Build.0 = Release|Any CPU
		{6723007A-1675-4B73-ADD5-E5E254BAF2CB}.Debug|Any CPU.ActiveCfg = Debug|Any CPU
		{6723007A-1675-4B73-ADD5-E5E254BAF2CB}.Debug|Any CPU.Build.0 = Debug|Any CPU
		{6723007A-1675-4B73-ADD5-E5E254BAF2CB}.Release|Any CPU.ActiveCfg = Release|Any CPU
		{6723007A-1675-4B73-ADD5-E5E254BAF2CB}.Release|Any CPU.Build.0 = Release|Any CPU
	EndGlobalSection
	GlobalSection(SolutionProperties) = preSolution
		HideSolutionNode = FALSE
	EndGlobalSection
	GlobalSection(ExtensibilityGlobals) = postSolution
		SolutionGuid = {946C2E4B-794B-4D84-915C-240D7A1A915C}
	EndGlobalSection
EndGlobal
